
Microsoft Visual Studio Solution File, Format Version 12.00
# Visual Studio Version 17
VisualStudioVersion = 17.0.31903.59
MinimumVisualStudioVersion = 10.0.40219.1
Project("{2150E333-8FDC-42A3-9474-1A3956D46DE8}") = "src", "src", "{0D1576CF-5E94-44BE-B950-362EFE326C03}"
EndProject
Project("{FAE04EC0-301F-11D3-BF4B-00C04F79EFBC}") = "IdentityServerAspNetIdentity", "src\IdentityServerAspNetIdentity\IdentityServerAspNetIdentity.csproj", "{A08E8E55-DDA7-4084-AFD0-55C9D76A9B28}"
EndProject
Global
	GlobalSection(SolutionConfigurationPlatforms) = preSolution
		Debug|Any CPU = Debug|Any CPU
		Release|Any CPU = Release|Any CPU
	EndGlobalSection
	GlobalSection(SolutionProperties) = preSolution
		HideSolutionNode = FALSE
	EndGlobalSection
	GlobalSection(ProjectConfigurationPlatforms) = postSolution
		{A08E8E55-DDA7-4084-AFD0-55C9D76A9B28}.Debug|Any CPU.ActiveCfg = Debug|Any CPU
		{A08E8E55-DDA7-4084-AFD0-55C9D76A9B28}.Debug|Any CPU.Build.0 = Debug|Any CPU
		{A08E8E55-DDA7-4084-AFD0-55C9D76A9B28}.Release|Any CPU.ActiveCfg = Release|Any CPU
		{A08E8E55-DDA7-4084-AFD0-55C9D76A9B28}.Release|Any CPU.Build.0 = Release|Any CPU
	EndGlobalSection
	GlobalSection(NestedProjects) = preSolution
		{A08E8E55-DDA7-4084-AFD0-55C9D76A9B28} = {0D1576CF-5E94-44BE-B950-362EFE326C03}
	EndGlobalSection
EndGlobal
